
Microsoft Visual Studio Solution File, Format Version 12.00
# Visual Studio 2012
Project("{8BC9CEB8-8B4A-11D0-8D11-00A0C91BC942}") = "FaceDetection2", "FaceDetection2\FaceDetection2.vcxproj", "{CDEE455E-B604-4FE2-9504-6213F7EE6CA5}"
EndProject
Global
	GlobalSection(SolutionConfigurationPlatforms) = preSolution
		Debug|Win32 = Debug|Win32
		Release|Win32 = Release|Win32
	EndGlobalSection
	GlobalSection(ProjectConfigurationPlatforms) = postSolution
		{CDEE455E-B604-4FE2-9504-6213F7EE6CA5}.Debug|Win32.ActiveCfg = Debug|Win32
		{CDEE455E-B604-4FE2-9504-6213F7EE6CA5}.Debug|Win32.Build.0 = Debug|Win32
		{CDEE455E-B604-4FE2-9504-6213F7EE6CA5}.Release|Win32.ActiveCfg = Release|Win32
		{CDEE455E-B604-4FE2-9504-6213F7EE6CA5}.Release|Win32.Build.0 = Release|Win32
	EndGlobalSection
	GlobalSection(SolutionProperties) = preSolution
		HideSolutionNode = FALSE
	EndGlobalSection
EndGlobal
